
Microsoft Visual Studio Solution File, Format Version 12.00
# Visual Studio Version 17
VisualStudioVersion = 17.14.37516.0 d17.14
MinimumVisualStudioVersion = 10.0.40219.1
Project("{8BC9CEB8-8B4A-11D0-8D11-00A0C91BC942}") = "MyGit", "MyGit.vcxproj", "{82650BD9-BAEC-4A1A-ADE0-D98B371860B0}"
EndProject
Global
	GlobalSection(SolutionConfigurationPlatforms) = preSolution
		Debug|x64 = Debug|x64
		Debug|x86 = Debug|x86
		Release|x64 = Release|x64
		Release|x86 = Release|x86
	EndGlobalSection
	GlobalSection(ProjectConfigurationPlatforms) = postSolution
		{82650BD9-BAEC-4A1A-ADE0-D98B371860B0}.Debug|x64.ActiveCfg = Debug|x64
		{82650BD9-BAEC-4A1A-ADE0-D98B371860B0}.Debug|x64.Build.0 = Debug|x64
		{82650BD9-BAEC-4A1A-ADE0-D98B371860B0}.Debug|x86.ActiveCfg = Debug|Win32
		{82650BD9-BAEC-4A1A-ADE0-D98B371860B0}.Debug|x86.Build.0 = Debug|Win32
		{82650BD9-BAEC-4A1A-ADE0-D98B371860B0}.Release|x64.ActiveCfg = Release|x64
		{82650BD9-BAEC-4A1A-ADE0-D98B371860B0}.Release|x64.Build.0 = Release|x64
		{82650BD9-BAEC-4A1A-ADE0-D98B371860B0}.Release|x86.ActiveCfg = Release|Win32
		{82650BD9-BAEC-4A1A-ADE0-D98B371860B0}.Release|x86.Build.0 = Release|Win32
	EndGlobalSection
	GlobalSection(SolutionProperties) = preSolution
		HideSolutionNode = FALSE
	EndGlobalSection
	GlobalSection(ExtensibilityGlobals) = postSolution
		SolutionGuid = {E9454340-CDF6-4AD7-B3A3-88AE7D74E793}
	EndGlobalSection
EndGlobal
